
Microsoft Visual Studio Solution File, Format Version 12.00
Project("{FAE04EC0-301F-11D3-BF4B-00C04F79EFBC}") = "SimpleCmdLineSample", "SimpleCmdLineSample\SimpleCmdLineSample.csproj", "{3329622A-6073-40B3-9D9E-7580FD357592}"
EndProject
Project("{FAE04EC0-301F-11D3-BF4B-00C04F79EFBC}") = "SimpleCmdLineWithHelpText", "SimpleCmdLineWithHelpText\SimpleCmdLineWithHelpText.csproj", "{0B153BFC-A015-451C-86B0-7E8CAE2FA946}"
EndProject
Global
	GlobalSection(SolutionConfigurationPlatforms) = preSolution
		Debug|Any CPU = Debug|Any CPU
		Release|Any CPU = Release|Any CPU
	EndGlobalSection
	GlobalSection(ProjectConfigurationPlatforms) = postSolution
		{3329622A-6073-40B3-9D9E-7580FD357592}.Debug|Any CPU.ActiveCfg = Debug|Any CPU
		{3329622A-6073-40B3-9D9E-7580FD357592}.Debug|Any CPU.Build.0 = Debug|Any CPU
		{3329622A-6073-40B3-9D9E-7580FD357592}.Release|Any CPU.ActiveCfg = Release|Any CPU
		{3329622A-6073-40B3-9D9E-7580FD357592}.Release|Any CPU.Build.0 = Release|Any CPU
		{0B153BFC-A015-451C-86B0-7E8CAE2FA946}.Debug|Any CPU.ActiveCfg = Debug|Any CPU
		{0B153BFC-A015-451C-86B0-7E8CAE2FA946}.Debug|Any CPU.Build.0 = Debug|Any CPU
		{0B153BFC-A015-451C-86B0-7E8CAE2FA946}.Release|Any CPU.ActiveCfg = Release|Any CPU
		{0B153BFC-A015-451C-86B0-7E8CAE2FA946}.Release|Any CPU.Build.0 = Release|Any CPU
	EndGlobalSection
EndGlobal
