
Microsoft Visual Studio Solution File, Format Version 12.00
# Visual Studio Version 16
VisualStudioVersion = 16.0.31112.23
MinimumVisualStudioVersion = 10.0.40219.1
Project("{FAE04EC0-301F-11D3-BF4B-00C04F79EFBC}") = "WingtipToys", "WingtipToys\WingtipToys.csproj", "{F3E79A41-7A57-4D7C-B516-095C7F6BA328}"
EndProject
Global
	GlobalSection(SolutionConfigurationPlatforms) = preSolution
		Debug|Any CPU = Debug|Any CPU
		Release|Any CPU = Release|Any CPU
	EndGlobalSection
	GlobalSection(ProjectConfigurationPlatforms) = postSolution
		{F3E79A41-7A57-4D7C-B516-095C7F6BA328}.Debug|Any CPU.ActiveCfg = Debug|Any CPU
		{F3E79A41-7A57-4D7C-B516-095C7F6BA328}.Debug|Any CPU.Build.0 = Debug|Any CPU
		{F3E79A41-7A57-4D7C-B516-095C7F6BA328}.Release|Any CPU.ActiveCfg = Release|Any CPU
		{F3E79A41-7A57-4D7C-B516-095C7F6BA328}.Release|Any CPU.Build.0 = Release|Any CPU
	EndGlobalSection
	GlobalSection(SolutionProperties) = preSolution
		HideSolutionNode = FALSE
	EndGlobalSection
	GlobalSection(ExtensibilityGlobals) = postSolution
		SolutionGuid = {2F7355DD-668D-4B4C-BCBA-6788BC94BACD}
	EndGlobalSection
EndGlobal
