
Microsoft Visual Studio Solution File, Format Version 12.00
Project("{FAE04EC0-301F-11D3-BF4B-00C04F79EFBC}") = "CSharpLearningTests", "CSharpLearningTests\CSharpLearningTests.csproj", "{0684DE03-641D-4A1F-97DB-B8F16F8E4102}"
EndProject
Global
	GlobalSection(SolutionConfigurationPlatforms) = preSolution
		Debug|Any CPU = Debug|Any CPU
		Release|Any CPU = Release|Any CPU
	EndGlobalSection
	GlobalSection(ProjectConfigurationPlatforms) = postSolution
		{0684DE03-641D-4A1F-97DB-B8F16F8E4102}.Debug|Any CPU.ActiveCfg = Debug|Any CPU
		{0684DE03-641D-4A1F-97DB-B8F16F8E4102}.Debug|Any CPU.Build.0 = Debug|Any CPU
		{0684DE03-641D-4A1F-97DB-B8F16F8E4102}.Release|Any CPU.ActiveCfg = Release|Any CPU
		{0684DE03-641D-4A1F-97DB-B8F16F8E4102}.Release|Any CPU.Build.0 = Release|Any CPU
	EndGlobalSection
EndGlobal
